
Microsoft Visual Studio Solution File, Format Version 12.00
# Visual Studio Version 17
VisualStudioVersion = 17.9.34902.65
MinimumVisualStudioVersion = 10.0.40219.1
Project("{FAE04EC0-301F-11D3-BF4B-00C04F79EFBC}") = "ThpKTGiuaKi", "ThpKTGiuaKi\ThpKTGiuaKi.csproj", "{11892D20-78CA-4AC6-B6BE-7C9471542138}"
EndProject
Global
	GlobalSection(SolutionConfigurationPlatforms) = preSolution
		Debug|Any CPU = Debug|Any CPU
		Release|Any CPU = Release|Any CPU
	EndGlobalSection
	GlobalSection(ProjectConfigurationPlatforms) = postSolution
		{11892D20-78CA-4AC6-B6BE-7C9471542138}.Debug|Any CPU.ActiveCfg = Debug|Any CPU
		{11892D20-78CA-4AC6-B6BE-7C9471542138}.Debug|Any CPU.Build.0 = Debug|Any CPU
		{11892D20-78CA-4AC6-B6BE-7C9471542138}.Release|Any CPU.ActiveCfg = Release|Any CPU
		{11892D20-78CA-4AC6-B6BE-7C9471542138}.Release|Any CPU.Build.0 = Release|Any CPU
	EndGlobalSection
	GlobalSection(SolutionProperties) = preSolution
		HideSolutionNode = FALSE
	EndGlobalSection
	GlobalSection(ExtensibilityGlobals) = postSolution
		SolutionGuid = {CE9C26C5-404B-49E5-B3B6-B56A9A6135AD}
	EndGlobalSection
EndGlobal
